
Microsoft Visual Studio Solution File, Format Version 12.00
# Visual Studio Version 17
VisualStudioVersion = 17.9.34723.18
MinimumVisualStudioVersion = 10.0.40219.1
Project("{9A19103F-16F7-4668-BE54-9A1E7A4F7556}") = "SOHCAHTOABusLogic", "Sin\SOHCAHTOABusLogic.csproj", "{380B5FA7-D1C1-460C-8EF5-5CC57CA0AC3A}"
EndProject
Project("{FAE04EC0-301F-11D3-BF4B-00C04F79EFBC}") = "SOHCAHTOAConsole", "SOHCAHTOAConsole\SOHCAHTOAConsole.csproj", "{5B2E5D06-7BF7-40E1-B347-59B38F848822}"
EndProject
Global
	GlobalSection(SolutionConfigurationPlatforms) = preSolution
		Debug|Any CPU = Debug|Any CPU
		Release|Any CPU = Release|Any CPU
	EndGlobalSection
	GlobalSection(ProjectConfigurationPlatforms) = postSolution
		{380B5FA7-D1C1-460C-8EF5-5CC57CA0AC3A}.Debug|Any CPU.ActiveCfg = Debug|Any CPU
		{380B5FA7-D1C1-460C-8EF5-5CC57CA0AC3A}.Debug|Any CPU.Build.0 = Debug|Any CPU
		{380B5FA7-D1C1-460C-8EF5-5CC57CA0AC3A}.Release|Any CPU.ActiveCfg = Release|Any CPU
		{380B5FA7-D1C1-460C-8EF5-5CC57CA0AC3A}.Release|Any CPU.Build.0 = Release|Any CPU
		{5B2E5D06-7BF7-40E1-B347-59B38F848822}.Debug|Any CPU.ActiveCfg = Debug|Any CPU
		{5B2E5D06-7BF7-40E1-B347-59B38F848822}.Debug|Any CPU.Build.0 = Debug|Any CPU
		{5B2E5D06-7BF7-40E1-B347-59B38F848822}.Release|Any CPU.ActiveCfg = Release|Any CPU
		{5B2E5D06-7BF7-40E1-B347-59B38F848822}.Release|Any CPU.Build.0 = Release|Any CPU
	EndGlobalSection
	GlobalSection(SolutionProperties) = preSolution
		HideSolutionNode = FALSE
	EndGlobalSection
	GlobalSection(ExtensibilityGlobals) = postSolution
		SolutionGuid = {B131FF31-8668-4340-807B-30B237B4AFCE}
	EndGlobalSection
EndGlobal
